<Solution>
  <Folder Name="/Solution Items/">
    <File Path=".gitignore" />
    <File Path="Directory.Packages.props" />
  </Folder>

  <Folder Name="/src/">
    <Project Path="Trainova.Api/Trainova.Api.csproj" />
    <Project Path="Trainova.Application/Trainova.Application.csproj" />
    <Project Path="Trainova.Domain/Trainova.Domain.csproj" />
    <Project Path="Trainova.Infrastructure/Trainova.Infrastructure.csproj" />
  </Folder>

  <Folder Name="/test/" />
</Solution>